
Microsoft Visual Studio Solution File, Format Version 12.00
# Visual Studio Version 17
VisualStudioVersion = 17.11.35327.3
MinimumVisualStudioVersion = 10.0.40219.1
Project("{FAE04EC0-301F-11D3-BF4B-00C04F79EFBC}") = "DunwoodyToolsInventory", "DunwoodyToolsInventory\DunwoodyToolsInventory.csproj", "{E104E40C-DC3B-40BF-9B37-38E243763BE8}"
EndProject
Global
	GlobalSection(SolutionConfigurationPlatforms) = preSolution
		Debug|Any CPU = Debug|Any CPU
		Release|Any CPU = Release|Any CPU
	EndGlobalSection
	GlobalSection(ProjectConfigurationPlatforms) = postSolution
		{E104E40C-DC3B-40BF-9B37-38E243763BE8}.Debug|Any CPU.ActiveCfg = Debug|Any CPU
		{E104E40C-DC3B-40BF-9B37-38E243763BE8}.Debug|Any CPU.Build.0 = Debug|Any CPU
		{E104E40C-DC3B-40BF-9B37-38E243763BE8}.Release|Any CPU.ActiveCfg = Release|Any CPU
		{E104E40C-DC3B-40BF-9B37-38E243763BE8}.Release|Any CPU.Build.0 = Release|Any CPU
	EndGlobalSection
	GlobalSection(SolutionProperties) = preSolution
		HideSolutionNode = FALSE
	EndGlobalSection
	GlobalSection(ExtensibilityGlobals) = postSolution
		SolutionGuid = {D36F5DE8-127D-4851-A06D-D21528A45E72}
	EndGlobalSection
EndGlobal
